
Microsoft Visual Studio Solution File, Format Version 12.00
# Visual Studio Version 17
VisualStudioVersion = 17.4.33403.182
MinimumVisualStudioVersion = 10.0.40219.1
Project("{FAE04EC0-301F-11D3-BF4B-00C04F79EFBC}") = "ExercicioEnumCompo", "ExercicioEnumCompo\ExercicioEnumCompo.csproj", "{81A5D1BC-4076-4A00-AEF4-D05571638D98}"
EndProject
Global
	GlobalSection(SolutionConfigurationPlatforms) = preSolution
		Debug|Any CPU = Debug|Any CPU
		Release|Any CPU = Release|Any CPU
	EndGlobalSection
	GlobalSection(ProjectConfigurationPlatforms) = postSolution
		{81A5D1BC-4076-4A00-AEF4-D05571638D98}.Debug|Any CPU.ActiveCfg = Debug|Any CPU
		{81A5D1BC-4076-4A00-AEF4-D05571638D98}.Debug|Any CPU.Build.0 = Debug|Any CPU
		{81A5D1BC-4076-4A00-AEF4-D05571638D98}.Release|Any CPU.ActiveCfg = Release|Any CPU
		{81A5D1BC-4076-4A00-AEF4-D05571638D98}.Release|Any CPU.Build.0 = Release|Any CPU
	EndGlobalSection
	GlobalSection(SolutionProperties) = preSolution
		HideSolutionNode = FALSE
	EndGlobalSection
	GlobalSection(ExtensibilityGlobals) = postSolution
		SolutionGuid = {1110A9E1-CF1E-46FE-BB23-3250FDED678B}
	EndGlobalSection
EndGlobal
